
Microsoft Visual Studio Solution File, Format Version 12.00
# Visual Studio 2013
VisualStudioVersion = 12.0.30501.0
MinimumVisualStudioVersion = 10.0.40219.1
Project("{FAE04EC0-301F-11D3-BF4B-00C04F79EFBC}") = "BullsAndCows.Services", "BullsAndCows.Services\BullsAndCows.Services.csproj", "{4DFFBC6C-1785-46D1-A5B7-20A7F2C259E0}"
EndProject
Project("{FAE04EC0-301F-11D3-BF4B-00C04F79EFBC}") = "BullsAndCows.Models", "BullsAndCows.Models\BullsAndCows.Models.csproj", "{503B9DB7-B2D3-4008-877C-2CC4C6912E2D}"
EndProject
Project("{FAE04EC0-301F-11D3-BF4B-00C04F79EFBC}") = "BullsAndCows.Data", "BullsAndCows.Data\BullsAndCows.Data.csproj", "{0E9E56FE-08F2-424B-B24E-FE42A1A67107}"
EndProject
Project("{FAE04EC0-301F-11D3-BF4B-00C04F79EFBC}") = "BullsAndCows.GameLogic", "BullsAndCows.GameLogic\BullsAndCows.GameLogic.csproj", "{5887FCD6-503A-48D7-AE9B-165E26ACA711}"
EndProject
Project("{2150E333-8FDC-42A3-9474-1A3956D46DE8}") = ".nuget", ".nuget", "{CB34CA4B-D6EF-425A-981A-FB10A2E5E67E}"
	ProjectSection(SolutionItems) = preProject
		.nuget\NuGet.Config = .nuget\NuGet.Config
		.nuget\NuGet.exe = .nuget\NuGet.exe
		.nuget\NuGet.targets = .nuget\NuGet.targets
	EndProjectSection
EndProject
Project("{FAE04EC0-301F-11D3-BF4B-00C04F79EFBC}") = "BulsAndCows.GameLogic.Tests", "BulsAndCows.GameLogic.Tests\BulsAndCows.GameLogic.Tests.csproj", "{A59794D0-7C15-476E-9B1A-CF64BE2AEDB1}"
EndProject
Global
	GlobalSection(SolutionConfigurationPlatforms) = preSolution
		Debug|Any CPU = Debug|Any CPU
		Release|Any CPU = Release|Any CPU
	EndGlobalSection
	GlobalSection(ProjectConfigurationPlatforms) = postSolution
		{4DFFBC6C-1785-46D1-A5B7-20A7F2C259E0}.Debug|Any CPU.ActiveCfg = Debug|Any CPU
		{4DFFBC6C-1785-46D1-A5B7-20A7F2C259E0}.Debug|Any CPU.Build.0 = Debug|Any CPU
		{4DFFBC6C-1785-46D1-A5B7-20A7F2C259E0}.Release|Any CPU.ActiveCfg = Release|Any CPU
		{4DFFBC6C-1785-46D1-A5B7-20A7F2C259E0}.Release|Any CPU.Build.0 = Release|Any CPU
		{503B9DB7-B2D3-4008-877C-2CC4C6912E2D}.Debug|Any CPU.ActiveCfg = Debug|Any CPU
		{503B9DB7-B2D3-4008-877C-2CC4C6912E2D}.Debug|Any CPU.Build.0 = Debug|Any CPU
		{503B9DB7-B2D3-4008-877C-2CC4C6912E2D}.Release|Any CPU.ActiveCfg = Release|Any CPU
		{503B9DB7-B2D3-4008-877C-2CC4C6912E2D}.Release|Any CPU.Build.0 = Release|Any CPU
		{0E9E56FE-08F2-424B-B24E-FE42A1A67107}.Debug|Any CPU.ActiveCfg = Debug|Any CPU
		{0E9E56FE-08F2-424B-B24E-FE42A1A67107}.Debug|Any CPU.Build.0 = Debug|Any CPU
		{0E9E56FE-08F2-424B-B24E-FE42A1A67107}.Release|Any CPU.ActiveCfg = Release|Any CPU
		{0E9E56FE-08F2-424B-B24E-FE42A1A67107}.Release|Any CPU.Build.0 = Release|Any CPU
		{5887FCD6-503A-48D7-AE9B-165E26ACA711}.Debug|Any CPU.ActiveCfg = Debug|Any CPU
		{5887FCD6-503A-48D7-AE9B-165E26ACA711}.Debug|Any CPU.Build.0 = Debug|Any CPU
		{5887FCD6-503A-48D7-AE9B-165E26ACA711}.Release|Any CPU.ActiveCfg = Release|Any CPU
		{5887FCD6-503A-48D7-AE9B-165E26ACA711}.Release|Any CPU.Build.0 = Release|Any CPU
		{A59794D0-7C15-476E-9B1A-CF64BE2AEDB1}.Debug|Any CPU.ActiveCfg = Debug|Any CPU
		{A59794D0-7C15-476E-9B1A-CF64BE2AEDB1}.Debug|Any CPU.Build.0 = Debug|Any CPU
		{A59794D0-7C15-476E-9B1A-CF64BE2AEDB1}.Release|Any CPU.ActiveCfg = Release|Any CPU
		{A59794D0-7C15-476E-9B1A-CF64BE2AEDB1}.Release|Any CPU.Build.0 = Release|Any CPU
	EndGlobalSection
	GlobalSection(SolutionProperties) = preSolution
		HideSolutionNode = FALSE
	EndGlobalSection
EndGlobal
